// !$*UTF8*$!
{
	archiveVersion = 1;
	classes = {
	};
	objectVersion = 56;
	objects = {

/* Begin PBXBuildFile section */
		492291FF40517769476C2E83 /* Pods_Jodel_iOS_Challange.framework in Frameworks */ = {isa = PBXBuildFile; fileRef = E1C234186D0ED4F241AF5074 /* Pods_Jodel_iOS_Challange.framework */; };
		E13F6EE129F5944D0050050B /* AppDelegate.swift in Sources */ = {isa = PBXBuildFile; fileRef = E13F6EE029F5944D0050050B /* AppDelegate.swift */; };
		E13F6EE529F5944D0050050B /* GalleryViewController.swift in Sources */ = {isa = PBXBuildFile; fileRef = E13F6EE429F5944D0050050B /* GalleryViewController.swift */; };
		E13F6EE829F5944D0050050B /* Main.storyboard in Resources */ = {isa = PBXBuildFile; fileRef = E13F6EE629F5944D0050050B /* Main.storyboard */; };
		E13F6EEA29F5944F0050050B /* Assets.xcassets in Resources */ = {isa = PBXBuildFile; fileRef = E13F6EE929F5944F0050050B /* Assets.xcassets */; };
		E13F6EED29F5944F0050050B /* LaunchScreen.storyboard in Resources */ = {isa = PBXBuildFile; fileRef = E13F6EEB29F5944F0050050B /* LaunchScreen.storyboard */; };
		E13F6EF829F5944F0050050B /* Jodel_iOS_ChallangeTests.swift in Sources */ = {isa = PBXBuildFile; fileRef = E13F6EF729F5944F0050050B /* Jodel_iOS_ChallangeTests.swift */; };
		E13F6F1329F5A9D90050050B /* GalleryCollectionViewCell.swift in Sources */ = {isa = PBXBuildFile; fileRef = E13F6F1229F5A9D90050050B /* GalleryCollectionViewCell.swift */; };
		E13F6F1629F5CAC20050050B /* PictureModel.swift in Sources */ = {isa = PBXBuildFile; fileRef = E13F6F1529F5CAC20050050B /* PictureModel.swift */; };
		E13F6F1A29F5D6300050050B /* APIManager.swift in Sources */ = {isa = PBXBuildFile; fileRef = E13F6F1729F5D62E0050050B /* APIManager.swift */; };
		E13F6F1B29F5D6300050050B /* ObservableValue.swift in Sources */ = {isa = PBXBuildFile; fileRef = E13F6F1829F5D62F0050050B /* ObservableValue.swift */; };
		E13F6F1C29F5D6300050050B /* EndPoint.swift in Sources */ = {isa = PBXBuildFile; fileRef = E13F6F1929F5D62F0050050B /* EndPoint.swift */; };
		E13F6F1E29F5D72D0050050B /* PhotosViewModel.swift in Sources */ = {isa = PBXBuildFile; fileRef = E13F6F1D29F5D72D0050050B /* PhotosViewModel.swift */; };
		E1668E8929F7BF42001D9ED2 /* Test.json in Resources */ = {isa = PBXBuildFile; fileRef = E1668E8829F7BF42001D9ED2 /* Test.json */; };
		E1668E8B29F7C537001D9ED2 /* UIViewController+Extension.swift in Sources */ = {isa = PBXBuildFile; fileRef = E1668E8A29F7C537001D9ED2 /* UIViewController+Extension.swift */; };
		E1A5BF2729F689600095B7A4 /* SkeletonView in Frameworks */ = {isa = PBXBuildFile; productRef = E1A5BF2629F689600095B7A4 /* SkeletonView */; };
		E1E598D92B162FFC0004EC1D /* UIView+Extension.swift in Sources */ = {isa = PBXBuildFile; fileRef = E1E598D82B162FFC0004EC1D /* UIView+Extension.swift */; };
/* End PBXBuildFile section */

/* Begin PBXContainerItemProxy section */
		E13F6EF429F5944F0050050B /* PBXContainerItemProxy */ = {
			isa = PBXContainerItemProxy;
			containerPortal = E13F6ED529F5944D0050050B /* Project object */;
			proxyType = 1;
			remoteGlobalIDString = E13F6EDC29F5944D0050050B;
			remoteInfo = "Jodel-iOS-Challange";
		};
		E13F6EFE29F5944F0050050B /* PBXContainerItemProxy */ = {
			isa = PBXContainerItemProxy;
			containerPortal = E13F6ED529F5944D0050050B /* Project object */;
			proxyType = 1;
			remoteGlobalIDString = E13F6EDC29F5944D0050050B;
			remoteInfo = "Jodel-iOS-Challange";
		};
/* End PBXContainerItemProxy section */

/* Begin PBXFileReference section */
		9722FAB83392DD49F40A88FD /* Pods-Jodel-iOS-Challange.release.xcconfig */ = {isa = PBXFileReference; includeInIndex = 1; lastKnownFileType = text.xcconfig; name = "Pods-Jodel-iOS-Challange.release.xcconfig"; path = "Target Support Files/Pods-Jodel-iOS-Challange/Pods-Jodel-iOS-Challange.release.xcconfig"; sourceTree = "<group>"; };
		B7B5B49DFF2B69FD073CF3C2 /* Pods-Jodel-iOS-Challange.debug.xcconfig */ = {isa = PBXFileReference; includeInIndex = 1; lastKnownFileType = text.xcconfig; name = "Pods-Jodel-iOS-Challange.debug.xcconfig"; path = "Target Support Files/Pods-Jodel-iOS-Challange/Pods-Jodel-iOS-Challange.debug.xcconfig"; sourceTree = "<group>"; };
		E13F6EDD29F5944D0050050B /* Jodel-iOS-Challange.app */ = {isa = PBXFileReference; explicitFileType = wrapper.application; includeInIndex = 0; path = "Jodel-iOS-Challange.app"; sourceTree = BUILT_PRODUCTS_DIR; };
		E13F6EE029F5944D0050050B /* AppDelegate.swift */ = {isa = PBXFileReference; lastKnownFileType = sourcecode.swift; path = AppDelegate.swift; sourceTree = "<group>"; };
		E13F6EE429F5944D0050050B /* GalleryViewController.swift */ = {isa = PBXFileReference; lastKnownFileType = sourcecode.swift; path = GalleryViewController.swift; sourceTree = "<group>"; };
		E13F6EE729F5944D0050050B /* Base */ = {isa = PBXFileReference; lastKnownFileType = file.storyboard; name = Base; path = Base.lproj/Main.storyboard; sourceTree = "<group>"; };
		E13F6EE929F5944F0050050B /* Assets.xcassets */ = {isa = PBXFileReference; lastKnownFileType = folder.assetcatalog; path = Assets.xcassets; sourceTree = "<group>"; };
		E13F6EEC29F5944F0050050B /* Base */ = {isa = PBXFileReference; lastKnownFileType = file.storyboard; name = Base; path = Base.lproj/LaunchScreen.storyboard; sourceTree = "<group>"; };
		E13F6EEE29F5944F0050050B /* Info.plist */ = {isa = PBXFileReference; lastKnownFileType = text.plist.xml; path = Info.plist; sourceTree = "<group>"; };
		E13F6EF329F5944F0050050B /* Jodel-iOS-ChallangeTests.xctest */ = {isa = PBXFileReference; explicitFileType = wrapper.cfbundle; includeInIndex = 0; path = "Jodel-iOS-ChallangeTests.xctest"; sourceTree = BUILT_PRODUCTS_DIR; };
		E13F6EF729F5944F0050050B /* Jodel_iOS_ChallangeTests.swift */ = {isa = PBXFileReference; lastKnownFileType = sourcecode.swift; path = Jodel_iOS_ChallangeTests.swift; sourceTree = "<group>"; };
		E13F6EFD29F5944F0050050B /* Jodel-iOS-ChallangeUITests.xctest */ = {isa = PBXFileReference; explicitFileType = wrapper.cfbundle; includeInIndex = 0; path = "Jodel-iOS-ChallangeUITests.xctest"; sourceTree = BUILT_PRODUCTS_DIR; };
		E13F6F1229F5A9D90050050B /* GalleryCollectionViewCell.swift */ = {isa = PBXFileReference; lastKnownFileType = sourcecode.swift; path = GalleryCollectionViewCell.swift; sourceTree = "<group>"; };
		E13F6F1529F5CAC20050050B /* PictureModel.swift */ = {isa = PBXFileReference; lastKnownFileType = sourcecode.swift; path = PictureModel.swift; sourceTree = "<group>"; };
		E13F6F1729F5D62E0050050B /* APIManager.swift */ = {isa = PBXFileReference; fileEncoding = 4; lastKnownFileType = sourcecode.swift; path = APIManager.swift; sourceTree = "<group>"; };
		E13F6F1829F5D62F0050050B /* ObservableValue.swift */ = {isa = PBXFileReference; fileEncoding = 4; lastKnownFileType = sourcecode.swift; path = ObservableValue.swift; sourceTree = "<group>"; };
		E13F6F1929F5D62F0050050B /* EndPoint.swift */ = {isa = PBXFileReference; fileEncoding = 4; lastKnownFileType = sourcecode.swift; path = EndPoint.swift; sourceTree = "<group>"; };
		E13F6F1D29F5D72D0050050B /* PhotosViewModel.swift */ = {isa = PBXFileReference; lastKnownFileType = sourcecode.swift; path = PhotosViewModel.swift; sourceTree = "<group>"; };
		E1668E8829F7BF42001D9ED2 /* Test.json */ = {isa = PBXFileReference; lastKnownFileType = text.json; path = Test.json; sourceTree = "<group>"; };
		E1668E8A29F7C537001D9ED2 /* UIViewController+Extension.swift */ = {isa = PBXFileReference; lastKnownFileType = sourcecode.swift; path = "UIViewController+Extension.swift"; sourceTree = "<group>"; };
		E1C234186D0ED4F241AF5074 /* Pods_Jodel_iOS_Challange.framework */ = {isa = PBXFileReference; explicitFileType = wrapper.framework; includeInIndex = 0; path = Pods_Jodel_iOS_Challange.framework; sourceTree = BUILT_PRODUCTS_DIR; };
		E1E598D82B162FFC0004EC1D /* UIView+Extension.swift */ = {isa = PBXFileReference; lastKnownFileType = sourcecode.swift; path = "UIView+Extension.swift"; sourceTree = "<group>"; };
/* End PBXFileReference section */

/* Begin PBXFrameworksBuildPhase section */
		E13F6EDA29F5944D0050050B /* Frameworks */ = {
			isa = PBXFrameworksBuildPhase;
			buildActionMask = 2147483647;
			files = (
				E1A5BF2729F689600095B7A4 /* SkeletonView in Frameworks */,
				492291FF40517769476C2E83 /* Pods_Jodel_iOS_Challange.framework in Frameworks */,
			);
			runOnlyForDeploymentPostprocessing = 0;
		};
		E13F6EF029F5944F0050050B /* Frameworks */ = {
			isa = PBXFrameworksBuildPhase;
			buildActionMask = 2147483647;
			files = (
			);
			runOnlyForDeploymentPostprocessing = 0;
		};
		E13F6EFA29F5944F0050050B /* Frameworks */ = {
			isa = PBXFrameworksBuildPhase;
			buildActionMask = 2147483647;
			files = (
			);
			runOnlyForDeploymentPostprocessing = 0;
		};
/* End PBXFrameworksBuildPhase section */

/* Begin PBXGroup section */
		6D34FD815673F44F02AB0676 /* Frameworks */ = {
			isa = PBXGroup;
			children = (
				E1C234186D0ED4F241AF5074 /* Pods_Jodel_iOS_Challange.framework */,
			);
			name = Frameworks;
			sourceTree = "<group>";
		};
		87B99523B6ED4053DA6489B8 /* Pods */ = {
			isa = PBXGroup;
			children = (
				B7B5B49DFF2B69FD073CF3C2 /* Pods-Jodel-iOS-Challange.debug.xcconfig */,
				9722FAB83392DD49F40A88FD /* Pods-Jodel-iOS-Challange.release.xcconfig */,
			);
			path = Pods;
			sourceTree = "<group>";
		};
		E13F6ED429F5944D0050050B = {
			isa = PBXGroup;
			children = (
				E13F6EDF29F5944D0050050B /* Jodel-iOS-Challange */,
				E13F6EF629F5944F0050050B /* Jodel-iOS-ChallangeTests */,
				E13F6EDE29F5944D0050050B /* Products */,
				87B99523B6ED4053DA6489B8 /* Pods */,
				6D34FD815673F44F02AB0676 /* Frameworks */,
			);
			sourceTree = "<group>";
		};
		E13F6EDE29F5944D0050050B /* Products */ = {
			isa = PBXGroup;
			children = (
				E13F6EDD29F5944D0050050B /* Jodel-iOS-Challange.app */,
				E13F6EF329F5944F0050050B /* Jodel-iOS-ChallangeTests.xctest */,
				E13F6EFD29F5944F0050050B /* Jodel-iOS-ChallangeUITests.xctest */,
			);
			name = Products;
			sourceTree = "<group>";
		};
		E13F6EDF29F5944D0050050B /* Jodel-iOS-Challange */ = {
			isa = PBXGroup;
			children = (
				E1668E8D29F7D6F8001D9ED2 /* Helpers */,
				E1668E8C29F7D6D7001D9ED2 /* Network */,
				E13F6F1429F5CA7E0050050B /* UI */,
				E13F6EE029F5944D0050050B /* AppDelegate.swift */,
				E13F6EE629F5944D0050050B /* Main.storyboard */,
				E13F6EE929F5944F0050050B /* Assets.xcassets */,
				E13F6EEB29F5944F0050050B /* LaunchScreen.storyboard */,
				E13F6EEE29F5944F0050050B /* Info.plist */,
			);
			path = "Jodel-iOS-Challange";
			sourceTree = "<group>";
		};
		E13F6EF629F5944F0050050B /* Jodel-iOS-ChallangeTests */ = {
			isa = PBXGroup;
			children = (
				E13F6EF729F5944F0050050B /* Jodel_iOS_ChallangeTests.swift */,
				E1668E8829F7BF42001D9ED2 /* Test.json */,
			);
			path = "Jodel-iOS-ChallangeTests";
			sourceTree = "<group>";
		};
		E13F6F1429F5CA7E0050050B /* UI */ = {
			isa = PBXGroup;
			children = (
				E13F6EE429F5944D0050050B /* GalleryViewController.swift */,
				E13F6F1229F5A9D90050050B /* GalleryCollectionViewCell.swift */,
			);
			path = UI;
			sourceTree = "<group>";
		};
		E1668E8C29F7D6D7001D9ED2 /* Network */ = {
			isa = PBXGroup;
			children = (
				E13F6F1D29F5D72D0050050B /* PhotosViewModel.swift */,
				E13F6F1529F5CAC20050050B /* PictureModel.swift */,
				E13F6F1729F5D62E0050050B /* APIManager.swift */,
				E13F6F1929F5D62F0050050B /* EndPoint.swift */,
			);
			path = Network;
			sourceTree = "<group>";
		};
		E1668E8D29F7D6F8001D9ED2 /* Helpers */ = {
			isa = PBXGroup;
			children = (
				E13F6F1829F5D62F0050050B /* ObservableValue.swift */,
				E1E598DA2B1630090004EC1D /* Extensions */,
			);
			path = Helpers;
			sourceTree = "<group>";
		};
		E1E598DA2B1630090004EC1D /* Extensions */ = {
			isa = PBXGroup;
			children = (
				E1E598D82B162FFC0004EC1D /* UIView+Extension.swift */,
				E1668E8A29F7C537001D9ED2 /* UIViewController+Extension.swift */,
			);
			path = Extensions;
			sourceTree = "<group>";
		};
/* End PBXGroup section */

/* Begin PBXNativeTarget section */
		E13F6EDC29F5944D0050050B /* Jodel-iOS-Challange */ = {
			isa = PBXNativeTarget;
			buildConfigurationList = E13F6F0729F5944F0050050B /* Build configuration list for PBXNativeTarget "Jodel-iOS-Challange" */;
			buildPhases = (
				669E8FEE01E48172CE9CCEA5 /* [CP] Check Pods Manifest.lock */,
				E13F6ED929F5944D0050050B /* Sources */,
				E13F6EDA29F5944D0050050B /* Frameworks */,
				E13F6EDB29F5944D0050050B /* Resources */,
				4E3B512E122135639592DD25 /* [CP] Embed Pods Frameworks */,
				E17DB9B12A266E4700B87B8A /* ShellScript */,
			);
			buildRules = (
			);
			dependencies = (
			);
			name = "Jodel-iOS-Challange";
			packageProductDependencies = (
				E1A5BF2629F689600095B7A4 /* SkeletonView */,
			);
			productName = "Jodel-iOS-Challange";
			productReference = E13F6EDD29F5944D0050050B /* Jodel-iOS-Challange.app */;
			productType = "com.apple.product-type.application";
		};
		E13F6EF229F5944F0050050B /* Jodel-iOS-ChallangeTests */ = {
			isa = PBXNativeTarget;
			buildConfigurationList = E13F6F0A29F5944F0050050B /* Build configuration list for PBXNativeTarget "Jodel-iOS-ChallangeTests" */;
			buildPhases = (
				E13F6EEF29F5944F0050050B /* Sources */,
				E13F6EF029F5944F0050050B /* Frameworks */,
				E13F6EF129F5944F0050050B /* Resources */,
			);
			buildRules = (
			);
			dependencies = (
				E13F6EF529F5944F0050050B /* PBXTargetDependency */,
			);
			name = "Jodel-iOS-ChallangeTests";
			productName = "Jodel-iOS-ChallangeTests";
			productReference = E13F6EF329F5944F0050050B /* Jodel-iOS-ChallangeTests.xctest */;
			productType = "com.apple.product-type.bundle.unit-test";
		};
		E13F6EFC29F5944F0050050B /* Jodel-iOS-ChallangeUITests */ = {
			isa = PBXNativeTarget;
			buildConfigurationList = E13F6F0D29F5944F0050050B /* Build configuration list for PBXNativeTarget "Jodel-iOS-ChallangeUITests" */;
			buildPhases = (
				E13F6EF929F5944F0050050B /* Sources */,
				E13F6EFA29F5944F0050050B /* Frameworks */,
				E13F6EFB29F5944F0050050B /* Resources */,
			);
			buildRules = (
			);
			dependencies = (
				E13F6EFF29F5944F0050050B /* PBXTargetDependency */,
			);
			name = "Jodel-iOS-ChallangeUITests";
			productName = "Jodel-iOS-ChallangeUITests";
			productReference = E13F6EFD29F5944F0050050B /* Jodel-iOS-ChallangeUITests.xctest */;
			productType = "com.apple.product-type.bundle.ui-testing";
		};
/* End PBXNativeTarget section */

/* Begin PBXProject section */
		E13F6ED529F5944D0050050B /* Project object */ = {
			isa = PBXProject;
			attributes = {
				BuildIndependentTargetsInParallel = 1;
				LastSwiftUpdateCheck = 1430;
				LastUpgradeCheck = 1500;
				TargetAttributes = {
					E13F6EDC29F5944D0050050B = {
						CreatedOnToolsVersion = 14.3;
					};
					E13F6EF229F5944F0050050B = {
						CreatedOnToolsVersion = 14.3;
						TestTargetID = E13F6EDC29F5944D0050050B;
					};
					E13F6EFC29F5944F0050050B = {
						CreatedOnToolsVersion = 14.3;
						TestTargetID = E13F6EDC29F5944D0050050B;
					};
				};
			};
			buildConfigurationList = E13F6ED829F5944D0050050B /* Build configuration list for PBXProject "Jodel-iOS-Challange" */;
			compatibilityVersion = "Xcode 14.0";
			developmentRegion = en;
			hasScannedForEncodings = 0;
			knownRegions = (
				en,
				Base,
			);
			mainGroup = E13F6ED429F5944D0050050B;
			packageReferences = (
				E1A5BF2529F689600095B7A4 /* XCRemoteSwiftPackageReference "SkeletonView" */,
			);
			productRefGroup = E13F6EDE29F5944D0050050B /* Products */;
			projectDirPath = "";
			projectRoot = "";
			targets = (
				E13F6EDC29F5944D0050050B /* Jodel-iOS-Challange */,
				E13F6EF229F5944F0050050B /* Jodel-iOS-ChallangeTests */,
				E13F6EFC29F5944F0050050B /* Jodel-iOS-ChallangeUITests */,
			);
		};
/* End PBXProject section */

/* Begin PBXResourcesBuildPhase section */
		E13F6EDB29F5944D0050050B /* Resources */ = {
			isa = PBXResourcesBuildPhase;
			buildActionMask = 2147483647;
			files = (
				E13F6EED29F5944F0050050B /* LaunchScreen.storyboard in Resources */,
				E13F6EEA29F5944F0050050B /* Assets.xcassets in Resources */,
				E13F6EE829F5944D0050050B /* Main.storyboard in Resources */,
			);
			runOnlyForDeploymentPostprocessing = 0;
		};
		E13F6EF129F5944F0050050B /* Resources */ = {
			isa = PBXResourcesBuildPhase;
			buildActionMask = 2147483647;
			files = (
				E1668E8929F7BF42001D9ED2 /* Test.json in Resources */,
			);
			runOnlyForDeploymentPostprocessing = 0;
		};
		E13F6EFB29F5944F0050050B /* Resources */ = {
			isa = PBXResourcesBuildPhase;
			buildActionMask = 2147483647;
			files = (
			);
			runOnlyForDeploymentPostprocessing = 0;
		};
/* End PBXResourcesBuildPhase section */

/* Begin PBXShellScriptBuildPhase section */
		4E3B512E122135639592DD25 /* [CP] Embed Pods Frameworks */ = {
			isa = PBXShellScriptBuildPhase;
			buildActionMask = 2147483647;
			files = (
			);
			inputFileListPaths = (
				"${PODS_ROOT}/Target Support Files/Pods-Jodel-iOS-Challange/Pods-Jodel-iOS-Challange-frameworks-${CONFIGURATION}-input-files.xcfilelist",
			);
			name = "[CP] Embed Pods Frameworks";
			outputFileListPaths = (
				"${PODS_ROOT}/Target Support Files/Pods-Jodel-iOS-Challange/Pods-Jodel-iOS-Challange-frameworks-${CONFIGURATION}-output-files.xcfilelist",
			);
			runOnlyForDeploymentPostprocessing = 0;
			shellPath = /bin/sh;
			shellScript = "\"${PODS_ROOT}/Target Support Files/Pods-Jodel-iOS-Challange/Pods-Jodel-iOS-Challange-frameworks.sh\"\n";
			showEnvVarsInLog = 0;
		};
		669E8FEE01E48172CE9CCEA5 /* [CP] Check Pods Manifest.lock */ = {
			isa = PBXShellScriptBuildPhase;
			buildActionMask = 2147483647;
			files = (
			);
			inputFileListPaths = (
			);
			inputPaths = (
				"${PODS_PODFILE_DIR_PATH}/Podfile.lock",
				"${PODS_ROOT}/Manifest.lock",
			);
			name = "[CP] Check Pods Manifest.lock";
			outputFileListPaths = (
			);
			outputPaths = (
				"$(DERIVED_FILE_DIR)/Pods-Jodel-iOS-Challange-checkManifestLockResult.txt",
			);
			runOnlyForDeploymentPostprocessing = 0;
			shellPath = /bin/sh;
			shellScript = "diff \"${PODS_PODFILE_DIR_PATH}/Podfile.lock\" \"${PODS_ROOT}/Manifest.lock\" > /dev/null\nif [ $? != 0 ] ; then\n    # print error to STDERR\n    echo \"error: The sandbox is not in sync with the Podfile.lock. Run 'pod install' or update your CocoaPods installation.\" >&2\n    exit 1\nfi\n# This output is used by Xcode 'outputs' to avoid re-running this script phase.\necho \"SUCCESS\" > \"${SCRIPT_OUTPUT_FILE_0}\"\n";
			showEnvVarsInLog = 0;
		};
		E17DB9B12A266E4700B87B8A /* ShellScript */ = {
			isa = PBXShellScriptBuildPhase;
			alwaysOutOfDate = 1;
			buildActionMask = 12;
			files = (
			);
			inputFileListPaths = (
			);
			inputPaths = (
			);
			outputFileListPaths = (
			);
			outputPaths = (
			);
			runOnlyForDeploymentPostprocessing = 0;
			shellPath = /bin/sh;
			shellScript = "if which swiftlint >/dev/null; then\n    swiftlint --fix && swiftlint\nelse\n    echo \"warning: SwiftLint not installed, download from https://github.com/realm/SwiftLint\"\nfi\n";
		};
/* End PBXShellScriptBuildPhase section */

/* Begin PBXSourcesBuildPhase section */
		E13F6ED929F5944D0050050B /* Sources */ = {
			isa = PBXSourcesBuildPhase;
			buildActionMask = 2147483647;
			files = (
				E13F6F1A29F5D6300050050B /* APIManager.swift in Sources */,
				E1668E8B29F7C537001D9ED2 /* UIViewController+Extension.swift in Sources */,
				E13F6F1E29F5D72D0050050B /* PhotosViewModel.swift in Sources */,
				E13F6F1B29F5D6300050050B /* ObservableValue.swift in Sources */,
				E13F6F1C29F5D6300050050B /* EndPoint.swift in Sources */,
				E13F6EE529F5944D0050050B /* GalleryViewController.swift in Sources */,
				E13F6F1329F5A9D90050050B /* GalleryCollectionViewCell.swift in Sources */,
				E13F6EE129F5944D0050050B /* AppDelegate.swift in Sources */,
				E1E598D92B162FFC0004EC1D /* UIView+Extension.swift in Sources */,
				E13F6F1629F5CAC20050050B /* PictureModel.swift in Sources */,
			);
			runOnlyForDeploymentPostprocessing = 0;
		};
		E13F6EEF29F5944F0050050B /* Sources */ = {
			isa = PBXSourcesBuildPhase;
			buildActionMask = 2147483647;
			files = (
				E13F6EF829F5944F0050050B /* Jodel_iOS_ChallangeTests.swift in Sources */,
			);
			runOnlyForDeploymentPostprocessing = 0;
		};
		E13F6EF929F5944F0050050B /* Sources */ = {
			isa = PBXSourcesBuildPhase;
			buildActionMask = 2147483647;
			files = (
			);
			runOnlyForDeploymentPostprocessing = 0;
		};
/* End PBXSourcesBuildPhase section */

/* Begin PBXTargetDependency section */
		E13F6EF529F5944F0050050B /* PBXTargetDependency */ = {
			isa = PBXTargetDependency;
			target = E13F6EDC29F5944D0050050B /* Jodel-iOS-Challange */;
			targetProxy = E13F6EF429F5944F0050050B /* PBXContainerItemProxy */;
		};
		E13F6EFF29F5944F0050050B /* PBXTargetDependency */ = {
			isa = PBXTargetDependency;
			target = E13F6EDC29F5944D0050050B /* Jodel-iOS-Challange */;
			targetProxy = E13F6EFE29F5944F0050050B /* PBXContainerItemProxy */;
		};
/* End PBXTargetDependency section */

/* Begin PBXVariantGroup section */
		E13F6EE629F5944D0050050B /* Main.storyboard */ = {
			isa = PBXVariantGroup;
			children = (
				E13F6EE729F5944D0050050B /* Base */,
			);
			name = Main.storyboard;
			sourceTree = "<group>";
		};
		E13F6EEB29F5944F0050050B /* LaunchScreen.storyboard */ = {
			isa = PBXVariantGroup;
			children = (
				E13F6EEC29F5944F0050050B /* Base */,
			);
			name = LaunchScreen.storyboard;
			sourceTree = "<group>";
		};
/* End PBXVariantGroup section */

/* Begin XCBuildConfiguration section */
		E13F6F0529F5944F0050050B /* Debug */ = {
			isa = XCBuildConfiguration;
			buildSettings = {
				ALWAYS_SEARCH_USER_PATHS = NO;
				CLANG_ANALYZER_NONNULL = YES;
				CLANG_ANALYZER_NUMBER_OBJECT_CONVERSION = YES_AGGRESSIVE;
				CLANG_CXX_LANGUAGE_STANDARD = "gnu++20";
				CLANG_ENABLE_MODULES = YES;
				CLANG_ENABLE_OBJC_ARC = YES;
				CLANG_ENABLE_OBJC_WEAK = YES;
				CLANG_WARN_BLOCK_CAPTURE_AUTORELEASING = YES;
				CLANG_WARN_BOOL_CONVERSION = YES;
				CLANG_WARN_COMMA = YES;
				CLANG_WARN_CONSTANT_CONVERSION = YES;
				CLANG_WARN_DEPRECATED_OBJC_IMPLEMENTATIONS = YES;
				CLANG_WARN_DIRECT_OBJC_ISA_USAGE = YES_ERROR;
				CLANG_WARN_DOCUMENTATION_COMMENTS = YES;
				CLANG_WARN_EMPTY_BODY = YES;
				CLANG_WARN_ENUM_CONVERSION = YES;
				CLANG_WARN_INFINITE_RECURSION = YES;
				CLANG_WARN_INT_CONVERSION = YES;
				CLANG_WARN_NON_LITERAL_NULL_CONVERSION = YES;
				CLANG_WARN_OBJC_IMPLICIT_RETAIN_SELF = YES;
				CLANG_WARN_OBJC_LITERAL_CONVERSION = YES;
				CLANG_WARN_OBJC_ROOT_CLASS = YES_ERROR;
				CLANG_WARN_QUOTED_INCLUDE_IN_FRAMEWORK_HEADER = YES;
				CLANG_WARN_RANGE_LOOP_ANALYSIS = YES;
				CLANG_WARN_STRICT_PROTOTYPES = YES;
				CLANG_WARN_SUSPICIOUS_MOVE = YES;
				CLANG_WARN_UNGUARDED_AVAILABILITY = YES_AGGRESSIVE;
				CLANG_WARN_UNREACHABLE_CODE = YES;
				CLANG_WARN__DUPLICATE_METHOD_MATCH = YES;
				COPY_PHASE_STRIP = NO;
				DEBUG_INFORMATION_FORMAT = dwarf;
				ENABLE_STRICT_OBJC_MSGSEND = YES;
				ENABLE_TESTABILITY = YES;
				ENABLE_USER_SCRIPT_SANDBOXING = NO;
				GCC_C_LANGUAGE_STANDARD = gnu11;
				GCC_DYNAMIC_NO_PIC = NO;
				GCC_NO_COMMON_BLOCKS = YES;
				GCC_OPTIMIZATION_LEVEL = 0;
				GCC_PREPROCESSOR_DEFINITIONS = (
					"DEBUG=1",
					"$(inherited)",
				);
				GCC_WARN_64_TO_32_BIT_CONVERSION = YES;
				GCC_WARN_ABOUT_RETURN_TYPE = YES_ERROR;
				GCC_WARN_UNDECLARED_SELECTOR = YES;
				GCC_WARN_UNINITIALIZED_AUTOS = YES_AGGRESSIVE;
				GCC_WARN_UNUSED_FUNCTION = YES;
				GCC_WARN_UNUSED_VARIABLE = YES;
				IPHONEOS_DEPLOYMENT_TARGET = 17.0;
				MTL_ENABLE_DEBUG_INFO = INCLUDE_SOURCE;
				MTL_FAST_MATH = YES;
				ONLY_ACTIVE_ARCH = YES;
				SDKROOT = iphoneos;
				SWIFT_ACTIVE_COMPILATION_CONDITIONS = DEBUG;
				SWIFT_OPTIMIZATION_LEVEL = "-Onone";
				XROS_DEPLOYMENT_TARGET = 1.0;
			};
			name = Debug;
		};
		E13F6F0629F5944F0050050B /* Release */ = {
			isa = XCBuildConfiguration;
			buildSettings = {
				ALWAYS_SEARCH_USER_PATHS = NO;
				CLANG_ANALYZER_NONNULL = YES;
				CLANG_ANALYZER_NUMBER_OBJECT_CONVERSION = YES_AGGRESSIVE;
				CLANG_CXX_LANGUAGE_STANDARD = "gnu++20";
				CLANG_ENABLE_MODULES = YES;
				CLANG_ENABLE_OBJC_ARC = YES;
				CLANG_ENABLE_OBJC_WEAK = YES;
				CLANG_WARN_BLOCK_CAPTURE_AUTORELEASING = YES;
				CLANG_WARN_BOOL_CONVERSION = YES;
				CLANG_WARN_COMMA = YES;
				CLANG_WARN_CONSTANT_CONVERSION = YES;
				CLANG_WARN_DEPRECATED_OBJC_IMPLEMENTATIONS = YES;
				CLANG_WARN_DIRECT_OBJC_ISA_USAGE = YES_ERROR;
				CLANG_WARN_DOCUMENTATION_COMMENTS = YES;
				CLANG_WARN_EMPTY_BODY = YES;
				CLANG_WARN_ENUM_CONVERSION = YES;
				CLANG_WARN_INFINITE_RECURSION = YES;
				CLANG_WARN_INT_CONVERSION = YES;
				CLANG_WARN_NON_LITERAL_NULL_CONVERSION = YES;
				CLANG_WARN_OBJC_IMPLICIT_RETAIN_SELF = YES;
				CLANG_WARN_OBJC_LITERAL_CONVERSION = YES;
				CLANG_WARN_OBJC_ROOT_CLASS = YES_ERROR;
				CLANG_WARN_QUOTED_INCLUDE_IN_FRAMEWORK_HEADER = YES;
				CLANG_WARN_RANGE_LOOP_ANALYSIS = YES;
				CLANG_WARN_STRICT_PROTOTYPES = YES;
				CLANG_WARN_SUSPICIOUS_MOVE = YES;
				CLANG_WARN_UNGUARDED_AVAILABILITY = YES_AGGRESSIVE;
				CLANG_WARN_UNREACHABLE_CODE = YES;
				CLANG_WARN__DUPLICATE_METHOD_MATCH = YES;
				COPY_PHASE_STRIP = NO;
				DEBUG_INFORMATION_FORMAT = "dwarf-with-dsym";
				ENABLE_NS_ASSERTIONS = NO;
				ENABLE_STRICT_OBJC_MSGSEND = YES;
				ENABLE_USER_SCRIPT_SANDBOXING = NO;
				GCC_C_LANGUAGE_STANDARD = gnu11;
				GCC_NO_COMMON_BLOCKS = YES;
				GCC_WARN_64_TO_32_BIT_CONVERSION = YES;
				GCC_WARN_ABOUT_RETURN_TYPE = YES_ERROR;
				GCC_WARN_UNDECLARED_SELECTOR = YES;
				GCC_WARN_UNINITIALIZED_AUTOS = YES_AGGRESSIVE;
				GCC_WARN_UNUSED_FUNCTION = YES;
				GCC_WARN_UNUSED_VARIABLE = YES;
				IPHONEOS_DEPLOYMENT_TARGET = 17.0;
				MTL_ENABLE_DEBUG_INFO = NO;
				MTL_FAST_MATH = YES;
				SDKROOT = iphoneos;
				SWIFT_COMPILATION_MODE = wholemodule;
				SWIFT_OPTIMIZATION_LEVEL = "-O";
				VALIDATE_PRODUCT = YES;
				XROS_DEPLOYMENT_TARGET = 1.0;
			};
			name = Release;
		};
		E13F6F0829F5944F0050050B /* Debug */ = {
			isa = XCBuildConfiguration;
			baseConfigurationReference = B7B5B49DFF2B69FD073CF3C2 /* Pods-Jodel-iOS-Challange.debug.xcconfig */;
			buildSettings = {
				ASSETCATALOG_COMPILER_APPICON_NAME = AppIcon;
				ASSETCATALOG_COMPILER_GLOBAL_ACCENT_COLOR_NAME = AccentColor;
				CODE_SIGN_IDENTITY = "Apple Development";
				CODE_SIGN_STYLE = Automatic;
				CURRENT_PROJECT_VERSION = 1;
				DEVELOPMENT_TEAM = BDM6BJ67HH;
				GENERATE_INFOPLIST_FILE = YES;
				INFOPLIST_FILE = "Jodel-iOS-Challange/Info.plist";
				INFOPLIST_KEY_UIApplicationSupportsIndirectInputEvents = YES;
				INFOPLIST_KEY_UILaunchStoryboardName = LaunchScreen;
				INFOPLIST_KEY_UIMainStoryboardFile = Main;
				INFOPLIST_KEY_UISupportedInterfaceOrientations_iPad = "UIInterfaceOrientationPortrait UIInterfaceOrientationPortraitUpsideDown UIInterfaceOrientationLandscapeLeft UIInterfaceOrientationLandscapeRight";
				INFOPLIST_KEY_UISupportedInterfaceOrientations_iPhone = "UIInterfaceOrientationPortrait UIInterfaceOrientationLandscapeLeft UIInterfaceOrientationLandscapeRight";
				IPHONEOS_DEPLOYMENT_TARGET = 13.0;
				LD_RUNPATH_SEARCH_PATHS = (
					"$(inherited)",
					"@executable_path/Frameworks",
				);
				MARKETING_VERSION = 1.0;
				PRODUCT_BUNDLE_IDENTIFIER = "Ufuk.Jodel-iOS-Challange";
				PRODUCT_NAME = "$(TARGET_NAME)";
				PROVISIONING_PROFILE_SPECIFIER = "";
				SWIFT_EMIT_LOC_STRINGS = YES;
				SWIFT_VERSION = 5.0;
				TARGETED_DEVICE_FAMILY = "1,2";
			};
			name = Debug;
		};
		E13F6F0929F5944F0050050B /* Release */ = {
			isa = XCBuildConfiguration;
			baseConfigurationReference = 9722FAB83392DD49F40A88FD /* Pods-Jodel-iOS-Challange.release.xcconfig */;
			buildSettings = {
				ASSETCATALOG_COMPILER_APPICON_NAME = AppIcon;
				ASSETCATALOG_COMPILER_GLOBAL_ACCENT_COLOR_NAME = AccentColor;
				CODE_SIGN_IDENTITY = "Apple Development";
				CODE_SIGN_STYLE = Automatic;
				CURRENT_PROJECT_VERSION = 1;
				DEVELOPMENT_TEAM = BDM6BJ67HH;
				GENERATE_INFOPLIST_FILE = YES;
				INFOPLIST_FILE = "Jodel-iOS-Challange/Info.plist";
				INFOPLIST_KEY_UIApplicationSupportsIndirectInputEvents = YES;
				INFOPLIST_KEY_UILaunchStoryboardName = LaunchScreen;
				INFOPLIST_KEY_UIMainStoryboardFile = Main;
				INFOPLIST_KEY_UISupportedInterfaceOrientations_iPad = "UIInterfaceOrientationPortrait UIInterfaceOrientationPortraitUpsideDown UIInterfaceOrientationLandscapeLeft UIInterfaceOrientationLandscapeRight";
				INFOPLIST_KEY_UISupportedInterfaceOrientations_iPhone = "UIInterfaceOrientationPortrait UIInterfaceOrientationLandscapeLeft UIInterfaceOrientationLandscapeRight";
				IPHONEOS_DEPLOYMENT_TARGET = 13.0;
				LD_RUNPATH_SEARCH_PATHS = (
					"$(inherited)",
					"@executable_path/Frameworks",
				);
				MARKETING_VERSION = 1.0;
				PRODUCT_BUNDLE_IDENTIFIER = "Ufuk.Jodel-iOS-Challange";
				PRODUCT_NAME = "$(TARGET_NAME)";
				PROVISIONING_PROFILE_SPECIFIER = "";
				SWIFT_EMIT_LOC_STRINGS = YES;
				SWIFT_VERSION = 5.0;
				TARGETED_DEVICE_FAMILY = "1,2";
			};
			name = Release;
		};
		E13F6F0B29F5944F0050050B /* Debug */ = {
			isa = XCBuildConfiguration;
			buildSettings = {
				ALWAYS_EMBED_SWIFT_STANDARD_LIBRARIES = YES;
				BUNDLE_LOADER = "$(TEST_HOST)";
				CODE_SIGN_STYLE = Automatic;
				CURRENT_PROJECT_VERSION = 1;
				GENERATE_INFOPLIST_FILE = YES;
				IPHONEOS_DEPLOYMENT_TARGET = 16.4;
				MARKETING_VERSION = 1.0;
				PRODUCT_BUNDLE_IDENTIFIER = "Ufuk.Jodel-iOS-ChallangeTests";
				PRODUCT_NAME = "$(TARGET_NAME)";
				SWIFT_EMIT_LOC_STRINGS = NO;
				SWIFT_VERSION = 5.0;
				TARGETED_DEVICE_FAMILY = "1,2";
				TEST_HOST = "$(BUILT_PRODUCTS_DIR)/Jodel-iOS-Challange.app/$(BUNDLE_EXECUTABLE_FOLDER_PATH)/Jodel-iOS-Challange";
			};
			name = Debug;
		};
		E13F6F0C29F5944F0050050B /* Release */ = {
			isa = XCBuildConfiguration;
			buildSettings = {
				ALWAYS_EMBED_SWIFT_STANDARD_LIBRARIES = YES;
				BUNDLE_LOADER = "$(TEST_HOST)";
				CODE_SIGN_STYLE = Automatic;
				CURRENT_PROJECT_VERSION = 1;
				GENERATE_INFOPLIST_FILE = YES;
				IPHONEOS_DEPLOYMENT_TARGET = 16.4;
				MARKETING_VERSION = 1.0;
				PRODUCT_BUNDLE_IDENTIFIER = "Ufuk.Jodel-iOS-ChallangeTests";
				PRODUCT_NAME = "$(TARGET_NAME)";
				SWIFT_EMIT_LOC_STRINGS = NO;
				SWIFT_VERSION = 5.0;
				TARGETED_DEVICE_FAMILY = "1,2";
				TEST_HOST = "$(BUILT_PRODUCTS_DIR)/Jodel-iOS-Challange.app/$(BUNDLE_EXECUTABLE_FOLDER_PATH)/Jodel-iOS-Challange";
			};
			name = Release;
		};
		E13F6F0E29F5944F0050050B /* Debug */ = {
			isa = XCBuildConfiguration;
			buildSettings = {
				ALWAYS_EMBED_SWIFT_STANDARD_LIBRARIES = YES;
				CODE_SIGN_STYLE = Automatic;
				CURRENT_PROJECT_VERSION = 1;
				GENERATE_INFOPLIST_FILE = YES;
				MARKETING_VERSION = 1.0;
				PRODUCT_BUNDLE_IDENTIFIER = "Ufuk.Jodel-iOS-ChallangeUITests";
				PRODUCT_NAME = "$(TARGET_NAME)";
				SWIFT_EMIT_LOC_STRINGS = NO;
				SWIFT_VERSION = 5.0;
				TARGETED_DEVICE_FAMILY = "1,2";
				TEST_TARGET_NAME = "Jodel-iOS-Challange";
			};
			name = Debug;
		};
		E13F6F0F29F5944F0050050B /* Release */ = {
			isa = XCBuildConfiguration;
			buildSettings = {
				ALWAYS_EMBED_SWIFT_STANDARD_LIBRARIES = YES;
				CODE_SIGN_STYLE = Automatic;
				CURRENT_PROJECT_VERSION = 1;
				GENERATE_INFOPLIST_FILE = YES;
				MARKETING_VERSION = 1.0;
				PRODUCT_BUNDLE_IDENTIFIER = "Ufuk.Jodel-iOS-ChallangeUITests";
				PRODUCT_NAME = "$(TARGET_NAME)";
				SWIFT_EMIT_LOC_STRINGS = NO;
				SWIFT_VERSION = 5.0;
				TARGETED_DEVICE_FAMILY = "1,2";
				TEST_TARGET_NAME = "Jodel-iOS-Challange";
			};
			name = Release;
		};
/* End XCBuildConfiguration section */

/* Begin XCConfigurationList section */
		E13F6ED829F5944D0050050B /* Build configuration list for PBXProject "Jodel-iOS-Challange" */ = {
			isa = XCConfigurationList;
			buildConfigurations = (
				E13F6F0529F5944F0050050B /* Debug */,
				E13F6F0629F5944F0050050B /* Release */,
			);
			defaultConfigurationIsVisible = 0;
			defaultConfigurationName = Release;
		};
		E13F6F0729F5944F0050050B /* Build configuration list for PBXNativeTarget "Jodel-iOS-Challange" */ = {
			isa = XCConfigurationList;
			buildConfigurations = (
				E13F6F0829F5944F0050050B /* Debug */,
				E13F6F0929F5944F0050050B /* Release */,
			);
			defaultConfigurationIsVisible = 0;
			defaultConfigurationName = Release;
		};
		E13F6F0A29F5944F0050050B /* Build configuration list for PBXNativeTarget "Jodel-iOS-ChallangeTests" */ = {
			isa = XCConfigurationList;
			buildConfigurations = (
				E13F6F0B29F5944F0050050B /* Debug */,
				E13F6F0C29F5944F0050050B /* Release */,
			);
			defaultConfigurationIsVisible = 0;
			defaultConfigurationName = Release;
		};
		E13F6F0D29F5944F0050050B /* Build configuration list for PBXNativeTarget "Jodel-iOS-ChallangeUITests" */ = {
			isa = XCConfigurationList;
			buildConfigurations = (
				E13F6F0E29F5944F0050050B /* Debug */,
				E13F6F0F29F5944F0050050B /* Release */,
			);
			defaultConfigurationIsVisible = 0;
			defaultConfigurationName = Release;
		};
/* End XCConfigurationList section */

/* Begin XCRemoteSwiftPackageReference section */
		E1A5BF2529F689600095B7A4 /* XCRemoteSwiftPackageReference "SkeletonView" */ = {
			isa = XCRemoteSwiftPackageReference;
			repositoryURL = "https://github.com/Juanpe/SkeletonView.git";
			requirement = {
				kind = upToNextMajorVersion;
				minimumVersion = 1.0.0;
			};
		};
/* End XCRemoteSwiftPackageReference section */

/* Begin XCSwiftPackageProductDependency section */
		E1A5BF2629F689600095B7A4 /* SkeletonView */ = {
			isa = XCSwiftPackageProductDependency;
			package = E1A5BF2529F689600095B7A4 /* XCRemoteSwiftPackageReference "SkeletonView" */;
			productName = SkeletonView;
		};
/* End XCSwiftPackageProductDependency section */
	};
	rootObject = E13F6ED529F5944D0050050B /* Project object */;
}
